PODS:
  - jetfire (0.1.5)
  - transport (1.1.14):
    - jetfire (~> 0.1.5)

DEPENDENCIES:
  - transport (from `../transport`)

SPEC REPOS:
  trunk:
    - jetfire

EXTERNAL SOURCES:
  transport:
    :path: "../transport"

SPEC CHECKSUMS:
  jetfire: 60c16cd6ae0282928e24203eb93f03b89c1929ce
  transport: ff3eab621fa10f62fa93a4732dcbeeb55007987e

PODFILE CHECKSUM: 5eac24c446a9287e8ab64ba98923743c10ec8982

COCOAPODS: 1.11.2
