PODS:
  - jetfire (0.1.5)
  - transport (1.2.0):
    - jetfire (~> 0.1.5)

DEPENDENCIES:
  - transport (from `../transport`)

SPEC REPOS:
  trunk:
    - jetfire

EXTERNAL SOURCES:
  transport:
    :path: "../transport"

SPEC CHECKSUMS:
  jetfire: 60c16cd6ae0282928e24203eb93f03b89c1929ce
  transport: 6038f238381d81af81a073df79ff8a9c6454073d

PODFILE CHECKSUM: 0d3d68df1031aef1b30e1776c3aa1ca0beb1f6f7

COCOAPODS: 1.11.3
